{
  "name": "v2",
  "version": "1.0.0",
  "lockfileVersion": 1,
  "dependencies": {
    "mime": {
      "version": "2.0.1",
      "resolved": "https://registry.npmjs.org/mime/-/mime-2.0.1.tgz",
      "integrity": "sha512-n2tQ4rs2+GMucMG2YHTwaONXZ/31ZS/vseUOzK5mTecwE91c33tapG51M0kB2R30hi7sY5nKvIkLCdCgUzx6FQ=="
    }
  }
}
